
Microsoft Visual Studio Solution File, Format Version 11.00
# Visual Studio 2010
Project("{FAE04EC0-301F-11D3-BF4B-00C04F79EFBC}") = "EasyCrypt", "EasyCrypt.csproj", "{46CAA3B4-A374-4FB9-A8BC-E7F16191BFC1}"
EndProject
Global
	GlobalSection(SolutionConfigurationPlatforms) = preSolution
		Debug|x86 = Debug|x86
		Release|x86 = Release|x86
	EndGlobalSection
	GlobalSection(ProjectConfigurationPlatforms) = postSolution
		{46CAA3B4-A374-4FB9-A8BC-E7F16191BFC1}.Debug|x86.ActiveCfg = Debug|x86
		{46CAA3B4-A374-4FB9-A8BC-E7F16191BFC1}.Debug|x86.Build.0 = Debug|x86
		{46CAA3B4-A374-4FB9-A8BC-E7F16191BFC1}.Release|x86.ActiveCfg = Release|x86
		{46CAA3B4-A374-4FB9-A8BC-E7F16191BFC1}.Release|x86.Build.0 = Release|x86
	EndGlobalSection
	GlobalSection(MonoDevelopProperties) = preSolution
		Policies = $0
		$0.DotNetNamingPolicy = $1
		$1.DirectoryNamespaceAssociation = None
		$1.ResourceNamePolicy = FileFormatDefault
		$0.TextStylePolicy = $2
		$2.FileWidth = 120
		$2.TabsToSpaces = False
		$2.EolMarker = Unix
		$2.inheritsSet = VisualStudio
		$2.inheritsScope = text/plain
		$2.scope = text/x-csharp
		$0.CSharpFormattingPolicy = $3
		$3.IndentSwitchBody = True
		$3.BeforeMethodDeclarationParentheses = False
		$3.BeforeMethodCallParentheses = False
		$3.BeforeConstructorDeclarationParentheses = False
		$3.NewLineBeforeConstructorInitializerColon = NewLine
		$3.NewLineAfterConstructorInitializerColon = SameLine
		$3.BeforeDelegateDeclarationParentheses = False
		$3.NewParentheses = False
		$3.SpacesBeforeBrackets = False
		$3.inheritsSet = Mono
		$3.inheritsScope = text/x-csharp
		$3.scope = text/x-csharp
		$0.TextStylePolicy = $4
		$4.inheritsSet = VisualStudio
		$4.inheritsScope = text/plain
		$4.scope = text/plain
		$0.TextStylePolicy = $5
		$5.inheritsSet = Mono
		$5.inheritsScope = text/plain
		$5.scope = text/microsoft-resx
		$0.XmlFormattingPolicy = $6
		$6.inheritsSet = Mono
		$6.inheritsScope = application/xml
		$6.scope = text/microsoft-resx
		$0.TextStylePolicy = $7
		$7.inheritsSet = Mono
		$7.inheritsScope = text/plain
		$7.scope = application/xml
		$0.XmlFormattingPolicy = $8
		$8.inheritsSet = Mono
		$8.inheritsScope = application/xml
		$8.scope = application/xml
		$0.TextStylePolicy = $9
		$9.inheritsSet = Mono
		$9.inheritsScope = text/plain
		$9.scope = application/config+xml
		$0.XmlFormattingPolicy = $10
		$10.inheritsSet = Mono
		$10.inheritsScope = application/xml
		$10.scope = application/config+xml
		$0.TextStylePolicy = $11
		$11.inheritsSet = VisualStudio
		$11.inheritsScope = text/plain
		$11.scope = text/cache-manifest
		$0.StandardHeader = $12
		$12.Text = @ \n ${FileName}\n \n Author:\n      ${AuthorName} <${AuthorEmail}>\n\n Copyright (c) ${Year} ${CopyrightHolder}\n\n This program is free software: you can redistribute it and/or modify\n it under the terms of the GNU General Public License as published by\n the Free Software Foundation, either version 3 of the License, or\n (at your option) any later version.\n\n This program is distributed in the hope that it will be useful,\n but WITHOUT ANY WARRANTY; without even the implied warranty of\n MERCHANTABILITY or FITNESS FOR A PARTICULAR PURPOSE.  See the\n GNU General Public License for more details.\n\n You should have received a copy of the GNU General Public License\n along with this program.  If not, see <http://www.gnu.org/licenses/>.
		$12.IncludeInNewFiles = True
		$0.NameConventionPolicy = $13
		$13.Rules = $14
		$14.NamingRule = $15
		$15.Name = Namespaces
		$15.AffectedEntity = Namespace
		$15.VisibilityMask = VisibilityMask
		$15.NamingStyle = PascalCase
		$15.IncludeInstanceMembers = True
		$15.IncludeStaticEntities = True
		$14.NamingRule = $16
		$16.Name = Types
		$16.AffectedEntity = Class, Struct, Enum, Delegate
		$16.VisibilityMask = VisibilityMask
		$16.NamingStyle = PascalCase
		$16.IncludeInstanceMembers = True
		$16.IncludeStaticEntities = True
		$14.NamingRule = $17
		$17.Name = Interfaces
		$17.RequiredPrefixes = $18
		$18.String = I
		$17.AffectedEntity = Interface
		$17.VisibilityMask = VisibilityMask
		$17.NamingStyle = PascalCase
		$17.IncludeInstanceMembers = True
		$17.IncludeStaticEntities = True
		$14.NamingRule = $19
		$19.Name = Attributes
		$19.RequiredSuffixes = $20
		$20.String = Attribute
		$19.AffectedEntity = CustomAttributes
		$19.VisibilityMask = VisibilityMask
		$19.NamingStyle = PascalCase
		$19.IncludeInstanceMembers = True
		$19.IncludeStaticEntities = True
		$14.NamingRule = $21
		$21.Name = Event Arguments
		$21.RequiredSuffixes = $22
		$22.String = EventArgs
		$21.AffectedEntity = CustomEventArgs
		$21.VisibilityMask = VisibilityMask
		$21.NamingStyle = PascalCase
		$21.IncludeInstanceMembers = True
		$21.IncludeStaticEntities = True
		$14.NamingRule = $23
		$23.Name = Exceptions
		$23.RequiredSuffixes = $24
		$24.String = Exception
		$23.AffectedEntity = CustomExceptions
		$23.VisibilityMask = VisibilityMask
		$23.NamingStyle = PascalCase
		$23.IncludeInstanceMembers = True
		$23.IncludeStaticEntities = True
		$14.NamingRule = $25
		$25.Name = Methods
		$25.AffectedEntity = Methods
		$25.VisibilityMask = VisibilityMask
		$25.NamingStyle = PascalCase
		$25.IncludeInstanceMembers = True
		$25.IncludeStaticEntities = True
		$14.NamingRule = $26
		$26.Name = Static Readonly Fields
		$26.AffectedEntity = ReadonlyField
		$26.VisibilityMask = Internal, Protected, Public
		$26.NamingStyle = PascalCase
		$26.IncludeInstanceMembers = False
		$26.IncludeStaticEntities = True
		$14.NamingRule = $27
		$27.Name = Fields (Non Private)
		$27.AffectedEntity = Field
		$27.VisibilityMask = Internal, Protected, Public
		$27.NamingStyle = PascalCase
		$27.IncludeInstanceMembers = True
		$27.IncludeStaticEntities = True
		$14.NamingRule = $28
		$28.Name = ReadOnly Fields (Non Private)
		$28.AffectedEntity = ReadonlyField
		$28.VisibilityMask = Internal, Protected, Public
		$28.NamingStyle = PascalCase
		$28.IncludeInstanceMembers = True
		$28.IncludeStaticEntities = False
		$14.NamingRule = $29
		$29.Name = Fields (Private)
		$29.AllowedPrefixes = $30
		$30.String = _
		$30.String = m_
		$29.AffectedEntity = Field, ReadonlyField
		$29.VisibilityMask = Private
		$29.NamingStyle = CamelCase
		$29.IncludeInstanceMembers = True
		$29.IncludeStaticEntities = False
		$14.NamingRule = $31
		$31.Name = Static Fields (Private)
		$31.AffectedEntity = Field
		$31.VisibilityMask = Private
		$31.NamingStyle = CamelCase
		$31.IncludeInstanceMembers = False
		$31.IncludeStaticEntities = True
		$14.NamingRule = $32
		$32.Name = ReadOnly Fields (Private)
		$32.AllowedPrefixes = $33
		$33.String = _
		$33.String = m_
		$32.AffectedEntity = ReadonlyField
		$32.VisibilityMask = Private
		$32.NamingStyle = CamelCase
		$32.IncludeInstanceMembers = True
		$32.IncludeStaticEntities = False
		$14.NamingRule = $34
		$34.Name = Constant Fields
		$34.AffectedEntity = ConstantField
		$34.VisibilityMask = VisibilityMask
		$34.NamingStyle = PascalCase
		$34.IncludeInstanceMembers = True
		$34.IncludeStaticEntities = True
		$14.NamingRule = $35
		$35.Name = Properties
		$35.AffectedEntity = Property
		$35.VisibilityMask = VisibilityMask
		$35.NamingStyle = PascalCase
		$35.IncludeInstanceMembers = True
		$35.IncludeStaticEntities = True
		$14.NamingRule = $36
		$36.Name = Events
		$36.AffectedEntity = Event
		$36.VisibilityMask = VisibilityMask
		$36.NamingStyle = PascalCase
		$36.IncludeInstanceMembers = True
		$36.IncludeStaticEntities = True
		$14.NamingRule = $37
		$37.Name = Enum Members
		$37.AffectedEntity = EnumMember
		$37.VisibilityMask = VisibilityMask
		$37.NamingStyle = PascalCase
		$37.IncludeInstanceMembers = True
		$37.IncludeStaticEntities = True
		$14.NamingRule = $38
		$38.Name = Parameters
		$38.AffectedEntity = Parameter
		$38.VisibilityMask = VisibilityMask
		$38.NamingStyle = CamelCase
		$38.IncludeInstanceMembers = True
		$38.IncludeStaticEntities = True
		$14.NamingRule = $39
		$39.Name = Type Parameters
		$39.RequiredPrefixes = $40
		$40.String = T
		$39.AffectedEntity = TypeParameter
		$39.VisibilityMask = VisibilityMask
		$39.NamingStyle = PascalCase
		$39.IncludeInstanceMembers = True
		$39.IncludeStaticEntities = True
		outputpath = build
	EndGlobalSection
EndGlobal
